
Microsoft Visual Studio Solution File, Format Version 12.00
# Visual Studio Version 16
VisualStudioVersion = 16.0.29020.237
MinimumVisualStudioVersion = 10.0.40219.1
Project("{FAE04EC0-301F-11D3-BF4B-00C04F79EFBC}") = "SerilogCloudWatch", "SerilogCloudWatch\SerilogCloudWatch.csproj", "{A212D5EF-238B-42AB-8BAB-D9AFE1FD4A3A}"
EndProject
Global
	GlobalSection(SolutionConfigurationPlatforms) = preSolution
		Debug|Any CPU = Debug|Any CPU
		Release|Any CPU = Release|Any CPU
	EndGlobalSection
	GlobalSection(ProjectConfigurationPlatforms) = postSolution
		{A212D5EF-238B-42AB-8BAB-D9AFE1FD4A3A}.Debug|Any CPU.ActiveCfg = Debug|Any CPU
		{A212D5EF-238B-42AB-8BAB-D9AFE1FD4A3A}.Debug|Any CPU.Build.0 = Debug|Any CPU
		{A212D5EF-238B-42AB-8BAB-D9AFE1FD4A3A}.Release|Any CPU.ActiveCfg = Release|Any CPU
		{A212D5EF-238B-42AB-8BAB-D9AFE1FD4A3A}.Release|Any CPU.Build.0 = Release|Any CPU
	EndGlobalSection
	GlobalSection(SolutionProperties) = preSolution
		HideSolutionNode = FALSE
	EndGlobalSection
	GlobalSection(ExtensibilityGlobals) = postSolution
		SolutionGuid = {ECD54CB8-C947-4B30-B659-ACD6589A781C}
	EndGlobalSection
EndGlobal
